PODS:
  - InputBarAccessoryView (4.2.2)
  - MessageKit (3.0.0):
    - InputBarAccessoryView (~> 4.2.2)

DEPENDENCIES:
  - MessageKit (= 3.0.0)

SPEC REPOS:
  https://github.com/cocoapods/specs.git:
    - InputBarAccessoryView
    - MessageKit

SPEC CHECKSUMS:
  InputBarAccessoryView: 2b937602598e2fab3149f37f51dd7ad795653812
  MessageKit: e892a9ca49ebe6d82684d3a93ad84021fa23e2c6

PODFILE CHECKSUM: 18e3225d414d610d08cf8aeb69e7724c6e87552f

COCOAPODS: 1.5.3
