// !$*UTF8*$!
{
	archiveVersion = 1;
	classes = {
	};
	objectVersion = 50;
	objects = {

/* Begin PBXBuildFile section */
		56558E0122D2768800688771 /* SliderVC.swift in Sources */ = {isa = PBXBuildFile; fileRef = 56558E0022D2768800688771 /* SliderVC.swift */; };
		56558E0322D278D300688771 /* InfoSlider.swift in Sources */ = {isa = PBXBuildFile; fileRef = 56558E0222D278D300688771 /* InfoSlider.swift */; };
		5670E5CA226E5924006C868F /* SUtils.swift in Sources */ = {isa = PBXBuildFile; fileRef = 5670E5C9226E5924006C868F /* SUtils.swift */; };
		56846180226E63E100E6121E /* ProximityService.swift in Sources */ = {isa = PBXBuildFile; fileRef = 5684617F226E63E100E6121E /* ProximityService.swift */; };
		569DE6CF2267AF40004F6B5B /* AppDelegate.swift in Sources */ = {isa = PBXBuildFile; fileRef = 569DE6CE2267AF40004F6B5B /* AppDelegate.swift */; };
		569DE6D12267AF40004F6B5B /* ViewController.swift in Sources */ = {isa = PBXBuildFile; fileRef = 569DE6D02267AF40004F6B5B /* ViewController.swift */; };
		569DE6D42267AF40004F6B5B /* Main.storyboard in Resources */ = {isa = PBXBuildFile; fileRef = 569DE6D22267AF40004F6B5B /* Main.storyboard */; };
		569DE6D62267AF41004F6B5B /* Assets.xcassets in Resources */ = {isa = PBXBuildFile; fileRef = 569DE6D52267AF41004F6B5B /* Assets.xcassets */; };
		569DE6D92267AF41004F6B5B /* LaunchScreen.storyboard in Resources */ = {isa = PBXBuildFile; fileRef = 569DE6D72267AF41004F6B5B /* LaunchScreen.storyboard */; };
		569DE6E12267BEA6004F6B5B /* SimpleScanner.swift in Sources */ = {isa = PBXBuildFile; fileRef = 569DE6E02267BEA6004F6B5B /* SimpleScanner.swift */; };
		569DE6E42267BEC5004F6B5B /* Cipher.swift in Sources */ = {isa = PBXBuildFile; fileRef = 569DE6E22267BEC5004F6B5B /* Cipher.swift */; };
		569DE6E52267BEC5004F6B5B /* KeyChain.swift in Sources */ = {isa = PBXBuildFile; fileRef = 569DE6E32267BEC5004F6B5B /* KeyChain.swift */; };
		6E713C97D13647E045825653 /* Pods_asn1.framework in Frameworks */ = {isa = PBXBuildFile; fileRef = A52C48C54C0042379A9FB94F /* Pods_asn1.framework */; };
		CE14AC5722D38F490054E60B /* ChatViewController.swift in Sources */ = {isa = PBXBuildFile; fileRef = CE14AC5622D38F490054E60B /* ChatViewController.swift */; };
		CE14AC5B22D38FC20054E60B /* MockMessage.swift in Sources */ = {isa = PBXBuildFile; fileRef = CE14AC5822D38FC20054E60B /* MockMessage.swift */; };
		CE14AC5C22D38FC20054E60B /* MockUser.swift in Sources */ = {isa = PBXBuildFile; fileRef = CE14AC5922D38FC20054E60B /* MockUser.swift */; };
		CE14AC5D22D38FC20054E60B /* MockSocket.swift in Sources */ = {isa = PBXBuildFile; fileRef = CE14AC5A22D38FC20054E60B /* MockSocket.swift */; };
		CE14AC5F22D38FFC0054E60B /* BasicAudioController.swift in Sources */ = {isa = PBXBuildFile; fileRef = CE14AC5E22D38FFC0054E60B /* BasicAudioController.swift */; };
		CE14AC6122D390380054E60B /* SampleData.swift in Sources */ = {isa = PBXBuildFile; fileRef = CE14AC6022D390380054E60B /* SampleData.swift */; };
		CE14AC6322D390430054E60B /* Lorem.swift in Sources */ = {isa = PBXBuildFile; fileRef = CE14AC6222D390430054E60B /* Lorem.swift */; };
		CE14AC6622D390CE0054E60B /* UIViewController+Extensions.swift in Sources */ = {isa = PBXBuildFile; fileRef = CE14AC6422D390CE0054E60B /* UIViewController+Extensions.swift */; };
		CE14AC6722D390CE0054E60B /* UIColor+Extensions.swift in Sources */ = {isa = PBXBuildFile; fileRef = CE14AC6522D390CE0054E60B /* UIColor+Extensions.swift */; };
		CE14AC6922D391250054E60B /* Settings+UserDefaults.swift in Sources */ = {isa = PBXBuildFile; fileRef = CE14AC6822D391250054E60B /* Settings+UserDefaults.swift */; };
		CE14AC6C22D393E70054E60B /* sound1.m4a in Resources */ = {isa = PBXBuildFile; fileRef = CE14AC6A22D393E70054E60B /* sound1.m4a */; };
		CE14AC6D22D393E70054E60B /* sound2.m4a in Resources */ = {isa = PBXBuildFile; fileRef = CE14AC6B22D393E70054E60B /* sound2.m4a */; };
		CE14AC7022D395580054E60B /* AutocompleteExampleViewController.swift in Sources */ = {isa = PBXBuildFile; fileRef = CE14AC6E22D395580054E60B /* AutocompleteExampleViewController.swift */; };
		CE14AC7122D395580054E60B /* LaunchViewController.swift in Sources */ = {isa = PBXBuildFile; fileRef = CE14AC6F22D395580054E60B /* LaunchViewController.swift */; };
		CE14AC7C22D3975A0054E60B /* BasicExampleViewController.swift in Sources */ = {isa = PBXBuildFile; fileRef = CE14AC7722D3975A0054E60B /* BasicExampleViewController.swift */; };
		CE14AC7D22D3975A0054E60B /* NavigationController.swift in Sources */ = {isa = PBXBuildFile; fileRef = CE14AC7822D3975A0054E60B /* NavigationController.swift */; };
		CE14AC7E22D3975A0054E60B /* AdvancedExampleViewController.swift in Sources */ = {isa = PBXBuildFile; fileRef = CE14AC7922D3975A0054E60B /* AdvancedExampleViewController.swift */; };
		CE14AC7F22D3975A0054E60B /* MessageContainerController.swift in Sources */ = {isa = PBXBuildFile; fileRef = CE14AC7A22D3975A0054E60B /* MessageContainerController.swift */; };
		CE14AC8022D3975A0054E60B /* SettingsViewController.swift in Sources */ = {isa = PBXBuildFile; fileRef = CE14AC7B22D3975A0054E60B /* SettingsViewController.swift */; };
		CE14AC8322D398170054E60B /* TableViewCells.swift in Sources */ = {isa = PBXBuildFile; fileRef = CE14AC8122D398170054E60B /* TableViewCells.swift */; };
		CE14AC8422D398170054E60B /* CustomCell.swift in Sources */ = {isa = PBXBuildFile; fileRef = CE14AC8222D398170054E60B /* CustomCell.swift */; };
		CE14AC8722D398DB0054E60B /* CustomMessageFlowLayout.swift in Sources */ = {isa = PBXBuildFile; fileRef = CE14AC8622D398DB0054E60B /* CustomMessageFlowLayout.swift */; };
/* End PBXBuildFile section */

/* Begin PBXFileReference section */
		14E1F0571BB2E8DC1F8CA7FE /* Pods-asn1.release.xcconfig */ = {isa = PBXFileReference; includeInIndex = 1; lastKnownFileType = text.xcconfig; name = "Pods-asn1.release.xcconfig"; path = "Pods/Target Support Files/Pods-asn1/Pods-asn1.release.xcconfig"; sourceTree = "<group>"; };
		56558E0022D2768800688771 /* SliderVC.swift */ = {isa = PBXFileReference; lastKnownFileType = sourcecode.swift; path = SliderVC.swift; sourceTree = "<group>"; };
		56558E0222D278D300688771 /* InfoSlider.swift */ = {isa = PBXFileReference; lastKnownFileType = sourcecode.swift; path = InfoSlider.swift; sourceTree = "<group>"; };
		5670E5C9226E5924006C868F /* SUtils.swift */ = {isa = PBXFileReference; lastKnownFileType = sourcecode.swift; path = SUtils.swift; sourceTree = "<group>"; };
		5684617F226E63E100E6121E /* ProximityService.swift */ = {isa = PBXFileReference; lastKnownFileType = sourcecode.swift; path = ProximityService.swift; sourceTree = "<group>"; };
		569DE6CB2267AF40004F6B5B /* asn1.app */ = {isa = PBXFileReference; explicitFileType = wrapper.application; includeInIndex = 0; path = asn1.app; sourceTree = BUILT_PRODUCTS_DIR; };
		569DE6CE2267AF40004F6B5B /* AppDelegate.swift */ = {isa = PBXFileReference; lastKnownFileType = sourcecode.swift; path = AppDelegate.swift; sourceTree = "<group>"; };
		569DE6D02267AF40004F6B5B /* ViewController.swift */ = {isa = PBXFileReference; lastKnownFileType = sourcecode.swift; path = ViewController.swift; sourceTree = "<group>"; };
		569DE6D32267AF40004F6B5B /* Base */ = {isa = PBXFileReference; lastKnownFileType = file.storyboard; name = Base; path = Base.lproj/Main.storyboard; sourceTree = "<group>"; };
		569DE6D52267AF41004F6B5B /* Assets.xcassets */ = {isa = PBXFileReference; lastKnownFileType = folder.assetcatalog; path = Assets.xcassets; sourceTree = "<group>"; };
		569DE6D82267AF41004F6B5B /* Base */ = {isa = PBXFileReference; lastKnownFileType = file.storyboard; name = Base; path = Base.lproj/LaunchScreen.storyboard; sourceTree = "<group>"; };
		569DE6DA2267AF41004F6B5B /* Info.plist */ = {isa = PBXFileReference; lastKnownFileType = text.plist.xml; path = Info.plist; sourceTree = "<group>"; };
		569DE6E02267BEA6004F6B5B /* SimpleScanner.swift */ = {isa = PBXFileReference; fileEncoding = 4; lastKnownFileType = sourcecode.swift; path = SimpleScanner.swift; sourceTree = "<group>"; };
		569DE6E22267BEC5004F6B5B /* Cipher.swift */ = {isa = PBXFileReference; fileEncoding = 4; lastKnownFileType = sourcecode.swift; path = Cipher.swift; sourceTree = "<group>"; };
		569DE6E32267BEC5004F6B5B /* KeyChain.swift */ = {isa = PBXFileReference; fileEncoding = 4; lastKnownFileType = sourcecode.swift; path = KeyChain.swift; sourceTree = "<group>"; };
		98F874FE6B0D99E44DFA4447 /* Pods-asn1.debug.xcconfig */ = {isa = PBXFileReference; includeInIndex = 1; lastKnownFileType = text.xcconfig; name = "Pods-asn1.debug.xcconfig"; path = "Pods/Target Support Files/Pods-asn1/Pods-asn1.debug.xcconfig"; sourceTree = "<group>"; };
		A52C48C54C0042379A9FB94F /* Pods_asn1.framework */ = {isa = PBXFileReference; explicitFileType = wrapper.framework; includeInIndex = 0; path = Pods_asn1.framework; sourceTree = BUILT_PRODUCTS_DIR; };
		CE14AC5622D38F490054E60B /* ChatViewController.swift */ = {isa = PBXFileReference; fileEncoding = 4; lastKnownFileType = sourcecode.swift; path = ChatViewController.swift; sourceTree = "<group>"; };
		CE14AC5822D38FC20054E60B /* MockMessage.swift */ = {isa = PBXFileReference; fileEncoding = 4; lastKnownFileType = sourcecode.swift; path = MockMessage.swift; sourceTree = "<group>"; };
		CE14AC5922D38FC20054E60B /* MockUser.swift */ = {isa = PBXFileReference; fileEncoding = 4; lastKnownFileType = sourcecode.swift; path = MockUser.swift; sourceTree = "<group>"; };
		CE14AC5A22D38FC20054E60B /* MockSocket.swift */ = {isa = PBXFileReference; fileEncoding = 4; lastKnownFileType = sourcecode.swift; path = MockSocket.swift; sourceTree = "<group>"; };
		CE14AC5E22D38FFC0054E60B /* BasicAudioController.swift */ = {isa = PBXFileReference; fileEncoding = 4; lastKnownFileType = sourcecode.swift; path = BasicAudioController.swift; sourceTree = "<group>"; };
		CE14AC6022D390380054E60B /* SampleData.swift */ = {isa = PBXFileReference; fileEncoding = 4; lastKnownFileType = sourcecode.swift; path = SampleData.swift; sourceTree = "<group>"; };
		CE14AC6222D390430054E60B /* Lorem.swift */ = {isa = PBXFileReference; fileEncoding = 4; lastKnownFileType = sourcecode.swift; path = Lorem.swift; sourceTree = "<group>"; };
		CE14AC6422D390CE0054E60B /* UIViewController+Extensions.swift */ = {isa = PBXFileReference; fileEncoding = 4; lastKnownFileType = sourcecode.swift; path = "UIViewController+Extensions.swift"; sourceTree = "<group>"; };
		CE14AC6522D390CE0054E60B /* UIColor+Extensions.swift */ = {isa = PBXFileReference; fileEncoding = 4; lastKnownFileType = sourcecode.swift; path = "UIColor+Extensions.swift"; sourceTree = "<group>"; };
		CE14AC6822D391250054E60B /* Settings+UserDefaults.swift */ = {isa = PBXFileReference; fileEncoding = 4; lastKnownFileType = sourcecode.swift; path = "Settings+UserDefaults.swift"; sourceTree = "<group>"; };
		CE14AC6A22D393E70054E60B /* sound1.m4a */ = {isa = PBXFileReference; lastKnownFileType = file; path = sound1.m4a; sourceTree = "<group>"; };
		CE14AC6B22D393E70054E60B /* sound2.m4a */ = {isa = PBXFileReference; lastKnownFileType = file; path = sound2.m4a; sourceTree = "<group>"; };
		CE14AC6E22D395580054E60B /* AutocompleteExampleViewController.swift */ = {isa = PBXFileReference; fileEncoding = 4; lastKnownFileType = sourcecode.swift; path = AutocompleteExampleViewController.swift; sourceTree = "<group>"; };
		CE14AC6F22D395580054E60B /* LaunchViewController.swift */ = {isa = PBXFileReference; fileEncoding = 4; lastKnownFileType = sourcecode.swift; path = LaunchViewController.swift; sourceTree = "<group>"; };
		CE14AC7722D3975A0054E60B /* BasicExampleViewController.swift */ = {isa = PBXFileReference; fileEncoding = 4; lastKnownFileType = sourcecode.swift; path = BasicExampleViewController.swift; sourceTree = "<group>"; };
		CE14AC7822D3975A0054E60B /* NavigationController.swift */ = {isa = PBXFileReference; fileEncoding = 4; lastKnownFileType = sourcecode.swift; path = NavigationController.swift; sourceTree = "<group>"; };
		CE14AC7922D3975A0054E60B /* AdvancedExampleViewController.swift */ = {isa = PBXFileReference; fileEncoding = 4; lastKnownFileType = sourcecode.swift; path = AdvancedExampleViewController.swift; sourceTree = "<group>"; };
		CE14AC7A22D3975A0054E60B /* MessageContainerController.swift */ = {isa = PBXFileReference; fileEncoding = 4; lastKnownFileType = sourcecode.swift; path = MessageContainerController.swift; sourceTree = "<group>"; };
		CE14AC7B22D3975A0054E60B /* SettingsViewController.swift */ = {isa = PBXFileReference; fileEncoding = 4; lastKnownFileType = sourcecode.swift; path = SettingsViewController.swift; sourceTree = "<group>"; };
		CE14AC8122D398170054E60B /* TableViewCells.swift */ = {isa = PBXFileReference; fileEncoding = 4; lastKnownFileType = sourcecode.swift; path = TableViewCells.swift; sourceTree = "<group>"; };
		CE14AC8222D398170054E60B /* CustomCell.swift */ = {isa = PBXFileReference; fileEncoding = 4; lastKnownFileType = sourcecode.swift; path = CustomCell.swift; sourceTree = "<group>"; };
		CE14AC8622D398DB0054E60B /* CustomMessageFlowLayout.swift */ = {isa = PBXFileReference; fileEncoding = 4; lastKnownFileType = sourcecode.swift; path = CustomMessageFlowLayout.swift; sourceTree = "<group>"; };
/* End PBXFileReference section */

/* Begin PBXFrameworksBuildPhase section */
		569DE6C82267AF40004F6B5B /* Frameworks */ = {
			isa = PBXFrameworksBuildPhase;
			buildActionMask = 2147483647;
			files = (
				6E713C97D13647E045825653 /* Pods_asn1.framework in Frameworks */,
			);
			runOnlyForDeploymentPostprocessing = 0;
		};
/* End PBXFrameworksBuildPhase section */

/* Begin PBXGroup section */
		33F73812C6860A71648D58C4 /* Frameworks */ = {
			isa = PBXGroup;
			children = (
				A52C48C54C0042379A9FB94F /* Pods_asn1.framework */,
			);
			name = Frameworks;
			sourceTree = "<group>";
		};
		569DE6C22267AF40004F6B5B = {
			isa = PBXGroup;
			children = (
				569DE6CD2267AF40004F6B5B /* asn1 */,
				569DE6CC2267AF40004F6B5B /* Products */,
				FD75FF89EB213FEC8AB02D5F /* Pods */,
				33F73812C6860A71648D58C4 /* Frameworks */,
			);
			sourceTree = "<group>";
		};
		569DE6CC2267AF40004F6B5B /* Products */ = {
			isa = PBXGroup;
			children = (
				569DE6CB2267AF40004F6B5B /* asn1.app */,
			);
			name = Products;
			sourceTree = "<group>";
		};
		569DE6CD2267AF40004F6B5B /* asn1 */ = {
			isa = PBXGroup;
			children = (
				569DE6CE2267AF40004F6B5B /* AppDelegate.swift */,
				569DE6D02267AF40004F6B5B /* ViewController.swift */,
				569DE6E62267BECF004F6B5B /* Other */,
				CE14AC5522D38C810054E60B /* for MessageKit */,
				569DE6D22267AF40004F6B5B /* Main.storyboard */,
				569DE6D52267AF41004F6B5B /* Assets.xcassets */,
				569DE6D72267AF41004F6B5B /* LaunchScreen.storyboard */,
				569DE6DA2267AF41004F6B5B /* Info.plist */,
			);
			path = asn1;
			sourceTree = "<group>";
		};
		569DE6E62267BECF004F6B5B /* Other */ = {
			isa = PBXGroup;
			children = (
				569DE6E22267BEC5004F6B5B /* Cipher.swift */,
				56558E0022D2768800688771 /* SliderVC.swift */,
				56558E0222D278D300688771 /* InfoSlider.swift */,
				5684617F226E63E100E6121E /* ProximityService.swift */,
				5670E5C9226E5924006C868F /* SUtils.swift */,
				569DE6E32267BEC5004F6B5B /* KeyChain.swift */,
				569DE6E02267BEA6004F6B5B /* SimpleScanner.swift */,
			);
			path = Other;
			sourceTree = "<group>";
		};
		CE14AC5522D38C810054E60B /* for MessageKit */ = {
			isa = PBXGroup;
			children = (
				CE14AC7222D396520054E60B /* ViewControllers */,
				CE14AC8522D3981F0054E60B /* Views */,
				CE14AC7422D396910054E60B /* Models */,
				CE14AC7322D396680054E60B /* Sounds */,
				CE14AC7522D396BB0054E60B /* Data Generation */,
				CE14AC7622D396E20054E60B /* miscellaneous */,
			);
			path = "for MessageKit";
			sourceTree = "<group>";
		};
		CE14AC7222D396520054E60B /* ViewControllers */ = {
			isa = PBXGroup;
			children = (
				CE14AC6F22D395580054E60B /* LaunchViewController.swift */,
				CE14AC6E22D395580054E60B /* AutocompleteExampleViewController.swift */,
				CE14AC5622D38F490054E60B /* ChatViewController.swift */,
				CE14AC7922D3975A0054E60B /* AdvancedExampleViewController.swift */,
				CE14AC7722D3975A0054E60B /* BasicExampleViewController.swift */,
				CE14AC7A22D3975A0054E60B /* MessageContainerController.swift */,
				CE14AC7822D3975A0054E60B /* NavigationController.swift */,
				CE14AC7B22D3975A0054E60B /* SettingsViewController.swift */,
			);
			path = ViewControllers;
			sourceTree = "<group>";
		};
		CE14AC7322D396680054E60B /* Sounds */ = {
			isa = PBXGroup;
			children = (
				CE14AC6A22D393E70054E60B /* sound1.m4a */,
				CE14AC6B22D393E70054E60B /* sound2.m4a */,
			);
			path = Sounds;
			sourceTree = "<group>";
		};
		CE14AC7422D396910054E60B /* Models */ = {
			isa = PBXGroup;
			children = (
				CE14AC5822D38FC20054E60B /* MockMessage.swift */,
				CE14AC5A22D38FC20054E60B /* MockSocket.swift */,
				CE14AC5922D38FC20054E60B /* MockUser.swift */,
			);
			path = Models;
			sourceTree = "<group>";
		};
		CE14AC7522D396BB0054E60B /* Data Generation */ = {
			isa = PBXGroup;
			children = (
				CE14AC6222D390430054E60B /* Lorem.swift */,
				CE14AC6022D390380054E60B /* SampleData.swift */,
			);
			path = "Data Generation";
			sourceTree = "<group>";
		};
		CE14AC7622D396E20054E60B /* miscellaneous */ = {
			isa = PBXGroup;
			children = (
				CE14AC8622D398DB0054E60B /* CustomMessageFlowLayout.swift */,
				CE14AC6822D391250054E60B /* Settings+UserDefaults.swift */,
				CE14AC6522D390CE0054E60B /* UIColor+Extensions.swift */,
				CE14AC6422D390CE0054E60B /* UIViewController+Extensions.swift */,
				CE14AC5E22D38FFC0054E60B /* BasicAudioController.swift */,
			);
			path = miscellaneous;
			sourceTree = "<group>";
		};
		CE14AC8522D3981F0054E60B /* Views */ = {
			isa = PBXGroup;
			children = (
				CE14AC8222D398170054E60B /* CustomCell.swift */,
				CE14AC8122D398170054E60B /* TableViewCells.swift */,
			);
			path = Views;
			sourceTree = "<group>";
		};
		FD75FF89EB213FEC8AB02D5F /* Pods */ = {
			isa = PBXGroup;
			children = (
				98F874FE6B0D99E44DFA4447 /* Pods-asn1.debug.xcconfig */,
				14E1F0571BB2E8DC1F8CA7FE /* Pods-asn1.release.xcconfig */,
			);
			name = Pods;
			sourceTree = "<group>";
		};
/* End PBXGroup section */

/* Begin PBXNativeTarget section */
		569DE6CA2267AF40004F6B5B /* asn1 */ = {
			isa = PBXNativeTarget;
			buildConfigurationList = 569DE6DD2267AF41004F6B5B /* Build configuration list for PBXNativeTarget "asn1" */;
			buildPhases = (
				8504E0FAC61F498F5AF0E185 /* [CP] Check Pods Manifest.lock */,
				569DE6C72267AF40004F6B5B /* Sources */,
				569DE6C82267AF40004F6B5B /* Frameworks */,
				569DE6C92267AF40004F6B5B /* Resources */,
				EAC03EBB790D05CA5418F717 /* [CP] Embed Pods Frameworks */,
			);
			buildRules = (
			);
			dependencies = (
			);
			name = asn1;
			productName = asn1;
			productReference = 569DE6CB2267AF40004F6B5B /* asn1.app */;
			productType = "com.apple.product-type.application";
		};
/* End PBXNativeTarget section */

/* Begin PBXProject section */
		569DE6C32267AF40004F6B5B /* Project object */ = {
			isa = PBXProject;
			attributes = {
				LastSwiftUpdateCheck = 1010;
				LastUpgradeCheck = 1010;
				ORGANIZATIONNAME = "Zinko Viacheslav";
				TargetAttributes = {
					569DE6CA2267AF40004F6B5B = {
						CreatedOnToolsVersion = 10.1;
						SystemCapabilities = {
							com.apple.BackgroundModes = {
								enabled = 0;
							};
						};
					};
				};
			};
			buildConfigurationList = 569DE6C62267AF40004F6B5B /* Build configuration list for PBXProject "asn1" */;
			compatibilityVersion = "Xcode 9.3";
			developmentRegion = en;
			hasScannedForEncodings = 0;
			knownRegions = (
				en,
				Base,
			);
			mainGroup = 569DE6C22267AF40004F6B5B;
			productRefGroup = 569DE6CC2267AF40004F6B5B /* Products */;
			projectDirPath = "";
			projectRoot = "";
			targets = (
				569DE6CA2267AF40004F6B5B /* asn1 */,
			);
		};
/* End PBXProject section */

/* Begin PBXResourcesBuildPhase section */
		569DE6C92267AF40004F6B5B /* Resources */ = {
			isa = PBXResourcesBuildPhase;
			buildActionMask = 2147483647;
			files = (
				CE14AC6D22D393E70054E60B /* sound2.m4a in Resources */,
				CE14AC6C22D393E70054E60B /* sound1.m4a in Resources */,
				569DE6D92267AF41004F6B5B /* LaunchScreen.storyboard in Resources */,
				569DE6D62267AF41004F6B5B /* Assets.xcassets in Resources */,
				569DE6D42267AF40004F6B5B /* Main.storyboard in Resources */,
			);
			runOnlyForDeploymentPostprocessing = 0;
		};
/* End PBXResourcesBuildPhase section */

/* Begin PBXShellScriptBuildPhase section */
		8504E0FAC61F498F5AF0E185 /* [CP] Check Pods Manifest.lock */ = {
			isa = PBXShellScriptBuildPhase;
			buildActionMask = 2147483647;
			files = (
			);
			inputFileListPaths = (
			);
			inputPaths = (
				"${PODS_PODFILE_DIR_PATH}/Podfile.lock",
				"${PODS_ROOT}/Manifest.lock",
			);
			name = "[CP] Check Pods Manifest.lock";
			outputFileListPaths = (
			);
			outputPaths = (
				"$(DERIVED_FILE_DIR)/Pods-asn1-checkManifestLockResult.txt",
			);
			runOnlyForDeploymentPostprocessing = 0;
			shellPath = /bin/sh;
			shellScript = "diff \"${PODS_PODFILE_DIR_PATH}/Podfile.lock\" \"${PODS_ROOT}/Manifest.lock\" > /dev/null\nif [ $? != 0 ] ; then\n    # print error to STDERR\n    echo \"error: The sandbox is not in sync with the Podfile.lock. Run 'pod install' or update your CocoaPods installation.\" >&2\n    exit 1\nfi\n# This output is used by Xcode 'outputs' to avoid re-running this script phase.\necho \"SUCCESS\" > \"${SCRIPT_OUTPUT_FILE_0}\"\n";
			showEnvVarsInLog = 0;
		};
		EAC03EBB790D05CA5418F717 /* [CP] Embed Pods Frameworks */ = {
			isa = PBXShellScriptBuildPhase;
			buildActionMask = 2147483647;
			files = (
			);
			inputFileListPaths = (
			);
			inputPaths = (
				"${SRCROOT}/Pods/Target Support Files/Pods-asn1/Pods-asn1-frameworks.sh",
				"${BUILT_PRODUCTS_DIR}/InputBarAccessoryView/InputBarAccessoryView.framework",
				"${BUILT_PRODUCTS_DIR}/MessageKit/MessageKit.framework",
			);
			name = "[CP] Embed Pods Frameworks";
			outputFileListPaths = (
			);
			outputPaths = (
				"${TARGET_BUILD_DIR}/${FRAMEWORKS_FOLDER_PATH}/InputBarAccessoryView.framework",
				"${TARGET_BUILD_DIR}/${FRAMEWORKS_FOLDER_PATH}/MessageKit.framework",
			);
			runOnlyForDeploymentPostprocessing = 0;
			shellPath = /bin/sh;
			shellScript = "\"${SRCROOT}/Pods/Target Support Files/Pods-asn1/Pods-asn1-frameworks.sh\"\n";
			showEnvVarsInLog = 0;
		};
/* End PBXShellScriptBuildPhase section */

/* Begin PBXSourcesBuildPhase section */
		569DE6C72267AF40004F6B5B /* Sources */ = {
			isa = PBXSourcesBuildPhase;
			buildActionMask = 2147483647;
			files = (
				569DE6D12267AF40004F6B5B /* ViewController.swift in Sources */,
				CE14AC5F22D38FFC0054E60B /* BasicAudioController.swift in Sources */,
				CE14AC5D22D38FC20054E60B /* MockSocket.swift in Sources */,
				5670E5CA226E5924006C868F /* SUtils.swift in Sources */,
				CE14AC7F22D3975A0054E60B /* MessageContainerController.swift in Sources */,
				CE14AC8722D398DB0054E60B /* CustomMessageFlowLayout.swift in Sources */,
				56558E0122D2768800688771 /* SliderVC.swift in Sources */,
				CE14AC6622D390CE0054E60B /* UIViewController+Extensions.swift in Sources */,
				CE14AC8322D398170054E60B /* TableViewCells.swift in Sources */,
				CE14AC6322D390430054E60B /* Lorem.swift in Sources */,
				CE14AC7E22D3975A0054E60B /* AdvancedExampleViewController.swift in Sources */,
				CE14AC6722D390CE0054E60B /* UIColor+Extensions.swift in Sources */,
				CE14AC6922D391250054E60B /* Settings+UserDefaults.swift in Sources */,
				56558E0322D278D300688771 /* InfoSlider.swift in Sources */,
				56846180226E63E100E6121E /* ProximityService.swift in Sources */,
				CE14AC7022D395580054E60B /* AutocompleteExampleViewController.swift in Sources */,
				569DE6E12267BEA6004F6B5B /* SimpleScanner.swift in Sources */,
				569DE6E52267BEC5004F6B5B /* KeyChain.swift in Sources */,
				CE14AC7C22D3975A0054E60B /* BasicExampleViewController.swift in Sources */,
				CE14AC7D22D3975A0054E60B /* NavigationController.swift in Sources */,
				569DE6E42267BEC5004F6B5B /* Cipher.swift in Sources */,
				CE14AC5722D38F490054E60B /* ChatViewController.swift in Sources */,
				569DE6CF2267AF40004F6B5B /* AppDelegate.swift in Sources */,
				CE14AC5C22D38FC20054E60B /* MockUser.swift in Sources */,
				CE14AC6122D390380054E60B /* SampleData.swift in Sources */,
				CE14AC8022D3975A0054E60B /* SettingsViewController.swift in Sources */,
				CE14AC7122D395580054E60B /* LaunchViewController.swift in Sources */,
				CE14AC8422D398170054E60B /* CustomCell.swift in Sources */,
				CE14AC5B22D38FC20054E60B /* MockMessage.swift in Sources */,
			);
			runOnlyForDeploymentPostprocessing = 0;
		};
/* End PBXSourcesBuildPhase section */

/* Begin PBXVariantGroup section */
		569DE6D22267AF40004F6B5B /* Main.storyboard */ = {
			isa = PBXVariantGroup;
			children = (
				569DE6D32267AF40004F6B5B /* Base */,
			);
			name = Main.storyboard;
			sourceTree = "<group>";
		};
		569DE6D72267AF41004F6B5B /* LaunchScreen.storyboard */ = {
			isa = PBXVariantGroup;
			children = (
				569DE6D82267AF41004F6B5B /* Base */,
			);
			name = LaunchScreen.storyboard;
			sourceTree = "<group>";
		};
/* End PBXVariantGroup section */

/* Begin XCBuildConfiguration section */
		569DE6DB2267AF41004F6B5B /* Debug */ = {
			isa = XCBuildConfiguration;
			buildSettings = {
				ALWAYS_SEARCH_USER_PATHS = NO;
				CLANG_ANALYZER_NONNULL = YES;
				CLANG_ANALYZER_NUMBER_OBJECT_CONVERSION = YES_AGGRESSIVE;
				CLANG_CXX_LANGUAGE_STANDARD = "gnu++14";
				CLANG_CXX_LIBRARY = "libc++";
				CLANG_ENABLE_MODULES = YES;
				CLANG_ENABLE_OBJC_ARC = YES;
				CLANG_ENABLE_OBJC_WEAK = YES;
				CLANG_WARN_BLOCK_CAPTURE_AUTORELEASING = YES;
				CLANG_WARN_BOOL_CONVERSION = YES;
				CLANG_WARN_COMMA = YES;
				CLANG_WARN_CONSTANT_CONVERSION = YES;
				CLANG_WARN_DEPRECATED_OBJC_IMPLEMENTATIONS = YES;
				CLANG_WARN_DIRECT_OBJC_ISA_USAGE = YES_ERROR;
				CLANG_WARN_DOCUMENTATION_COMMENTS = YES;
				CLANG_WARN_EMPTY_BODY = YES;
				CLANG_WARN_ENUM_CONVERSION = YES;
				CLANG_WARN_INFINITE_RECURSION = YES;
				CLANG_WARN_INT_CONVERSION = YES;
				CLANG_WARN_NON_LITERAL_NULL_CONVERSION = YES;
				CLANG_WARN_OBJC_IMPLICIT_RETAIN_SELF = YES;
				CLANG_WARN_OBJC_LITERAL_CONVERSION = YES;
				CLANG_WARN_OBJC_ROOT_CLASS = YES_ERROR;
				CLANG_WARN_RANGE_LOOP_ANALYSIS = YES;
				CLANG_WARN_STRICT_PROTOTYPES = YES;
				CLANG_WARN_SUSPICIOUS_MOVE = YES;
				CLANG_WARN_UNGUARDED_AVAILABILITY = YES_AGGRESSIVE;
				CLANG_WARN_UNREACHABLE_CODE = YES;
				CLANG_WARN__DUPLICATE_METHOD_MATCH = YES;
				CODE_SIGN_IDENTITY = "iPhone Developer";
				COPY_PHASE_STRIP = NO;
				DEBUG_INFORMATION_FORMAT = dwarf;
				ENABLE_STRICT_OBJC_MSGSEND = YES;
				ENABLE_TESTABILITY = YES;
				GCC_C_LANGUAGE_STANDARD = gnu11;
				GCC_DYNAMIC_NO_PIC = NO;
				GCC_NO_COMMON_BLOCKS = YES;
				GCC_OPTIMIZATION_LEVEL = 0;
				GCC_PREPROCESSOR_DEFINITIONS = (
					"DEBUG=1",
					"$(inherited)",
				);
				GCC_WARN_64_TO_32_BIT_CONVERSION = YES;
				GCC_WARN_ABOUT_RETURN_TYPE = YES_ERROR;
				GCC_WARN_UNDECLARED_SELECTOR = YES;
				GCC_WARN_UNINITIALIZED_AUTOS = YES_AGGRESSIVE;
				GCC_WARN_UNUSED_FUNCTION = YES;
				GCC_WARN_UNUSED_VARIABLE = YES;
				IPHONEOS_DEPLOYMENT_TARGET = 11.0;
				MTL_ENABLE_DEBUG_INFO = INCLUDE_SOURCE;
				MTL_FAST_MATH = YES;
				ONLY_ACTIVE_ARCH = YES;
				SDKROOT = iphoneos;
				SWIFT_ACTIVE_COMPILATION_CONDITIONS = DEBUG;
				SWIFT_OPTIMIZATION_LEVEL = "-Onone";
			};
			name = Debug;
		};
		569DE6DC2267AF41004F6B5B /* Release */ = {
			isa = XCBuildConfiguration;
			buildSettings = {
				ALWAYS_SEARCH_USER_PATHS = NO;
				CLANG_ANALYZER_NONNULL = YES;
				CLANG_ANALYZER_NUMBER_OBJECT_CONVERSION = YES_AGGRESSIVE;
				CLANG_CXX_LANGUAGE_STANDARD = "gnu++14";
				CLANG_CXX_LIBRARY = "libc++";
				CLANG_ENABLE_MODULES = YES;
				CLANG_ENABLE_OBJC_ARC = YES;
				CLANG_ENABLE_OBJC_WEAK = YES;
				CLANG_WARN_BLOCK_CAPTURE_AUTORELEASING = YES;
				CLANG_WARN_BOOL_CONVERSION = YES;
				CLANG_WARN_COMMA = YES;
				CLANG_WARN_CONSTANT_CONVERSION = YES;
				CLANG_WARN_DEPRECATED_OBJC_IMPLEMENTATIONS = YES;
				CLANG_WARN_DIRECT_OBJC_ISA_USAGE = YES_ERROR;
				CLANG_WARN_DOCUMENTATION_COMMENTS = YES;
				CLANG_WARN_EMPTY_BODY = YES;
				CLANG_WARN_ENUM_CONVERSION = YES;
				CLANG_WARN_INFINITE_RECURSION = YES;
				CLANG_WARN_INT_CONVERSION = YES;
				CLANG_WARN_NON_LITERAL_NULL_CONVERSION = YES;
				CLANG_WARN_OBJC_IMPLICIT_RETAIN_SELF = YES;
				CLANG_WARN_OBJC_LITERAL_CONVERSION = YES;
				CLANG_WARN_OBJC_ROOT_CLASS = YES_ERROR;
				CLANG_WARN_RANGE_LOOP_ANALYSIS = YES;
				CLANG_WARN_STRICT_PROTOTYPES = YES;
				CLANG_WARN_SUSPICIOUS_MOVE = YES;
				CLANG_WARN_UNGUARDED_AVAILABILITY = YES_AGGRESSIVE;
				CLANG_WARN_UNREACHABLE_CODE = YES;
				CLANG_WARN__DUPLICATE_METHOD_MATCH = YES;
				CODE_SIGN_IDENTITY = "iPhone Developer";
				COPY_PHASE_STRIP = NO;
				DEBUG_INFORMATION_FORMAT = "dwarf-with-dsym";
				ENABLE_NS_ASSERTIONS = NO;
				ENABLE_STRICT_OBJC_MSGSEND = YES;
				GCC_C_LANGUAGE_STANDARD = gnu11;
				GCC_NO_COMMON_BLOCKS = YES;
				GCC_WARN_64_TO_32_BIT_CONVERSION = YES;
				GCC_WARN_ABOUT_RETURN_TYPE = YES_ERROR;
				GCC_WARN_UNDECLARED_SELECTOR = YES;
				GCC_WARN_UNINITIALIZED_AUTOS = YES_AGGRESSIVE;
				GCC_WARN_UNUSED_FUNCTION = YES;
				GCC_WARN_UNUSED_VARIABLE = YES;
				IPHONEOS_DEPLOYMENT_TARGET = 11.0;
				MTL_ENABLE_DEBUG_INFO = NO;
				MTL_FAST_MATH = YES;
				SDKROOT = iphoneos;
				SWIFT_COMPILATION_MODE = wholemodule;
				SWIFT_OPTIMIZATION_LEVEL = "-O";
				VALIDATE_PRODUCT = YES;
			};
			name = Release;
		};
		569DE6DE2267AF41004F6B5B /* Debug */ = {
			isa = XCBuildConfiguration;
			baseConfigurationReference = 98F874FE6B0D99E44DFA4447 /* Pods-asn1.debug.xcconfig */;
			buildSettings = {
				ASSETCATALOG_COMPILER_APPICON_NAME = AppIcon;
				CODE_SIGN_STYLE = Automatic;
				DEVELOPMENT_TEAM = LC7P3687MC;
				INFOPLIST_FILE = asn1/Info.plist;
				LD_RUNPATH_SEARCH_PATHS = (
					"$(inherited)",
					"@executable_path/Frameworks",
				);
				PRODUCT_BUNDLE_IDENTIFIER = com.zslavman.asn1;
				PRODUCT_NAME = "$(TARGET_NAME)";
				SWIFT_VERSION = 4.2;
				TARGETED_DEVICE_FAMILY = "1,2";
			};
			name = Debug;
		};
		569DE6DF2267AF41004F6B5B /* Release */ = {
			isa = XCBuildConfiguration;
			baseConfigurationReference = 14E1F0571BB2E8DC1F8CA7FE /* Pods-asn1.release.xcconfig */;
			buildSettings = {
				ASSETCATALOG_COMPILER_APPICON_NAME = AppIcon;
				CODE_SIGN_STYLE = Automatic;
				DEVELOPMENT_TEAM = LC7P3687MC;
				INFOPLIST_FILE = asn1/Info.plist;
				LD_RUNPATH_SEARCH_PATHS = (
					"$(inherited)",
					"@executable_path/Frameworks",
				);
				PRODUCT_BUNDLE_IDENTIFIER = com.zslavman.asn1;
				PRODUCT_NAME = "$(TARGET_NAME)";
				SWIFT_VERSION = 4.2;
				TARGETED_DEVICE_FAMILY = "1,2";
			};
			name = Release;
		};
/* End XCBuildConfiguration section */

/* Begin XCConfigurationList section */
		569DE6C62267AF40004F6B5B /* Build configuration list for PBXProject "asn1" */ = {
			isa = XCConfigurationList;
			buildConfigurations = (
				569DE6DB2267AF41004F6B5B /* Debug */,
				569DE6DC2267AF41004F6B5B /* Release */,
			);
			defaultConfigurationIsVisible = 0;
			defaultConfigurationName = Release;
		};
		569DE6DD2267AF41004F6B5B /* Build configuration list for PBXNativeTarget "asn1" */ = {
			isa = XCConfigurationList;
			buildConfigurations = (
				569DE6DE2267AF41004F6B5B /* Debug */,
				569DE6DF2267AF41004F6B5B /* Release */,
			);
			defaultConfigurationIsVisible = 0;
			defaultConfigurationName = Release;
		};
/* End XCConfigurationList section */
	};
	rootObject = 569DE6C32267AF40004F6B5B /* Project object */;
}
